// !$*UTF8*$!
{
	archiveVersion = 1;
	classes = {
	};
	objectVersion = 46;
	objects = {

/* Begin PBXBuildFile section */
		CB728CD1405E47F7D2529038 /* libPods.a in Frameworks */ = {isa = PBXBuildFile; fileRef = 52DB1E5C8CBA4122F372F869 /* libPods.a */; };
		DF9CBC1F1A441AA5000C49A8 /* main.m in Sources */ = {isa = PBXBuildFile; fileRef = DF9CBC1E1A441AA5000C49A8 /* main.m */; };
		DF9CBC221A441AA5000C49A8 /* AppDelegate.m in Sources */ = {isa = PBXBuildFile; fileRef = DF9CBC211A441AA5000C49A8 /* AppDelegate.m */; };
		DF9CBC251A441AA5000C49A8 /* ViewController.m in Sources */ = {isa = PBXBuildFile; fileRef = DF9CBC241A441AA5000C49A8 /* ViewController.m */; };
		DF9CBC281A441AA5000C49A8 /* Main.storyboard in Resources */ = {isa = PBXBuildFile; fileRef = DF9CBC261A441AA5000C49A8 /* Main.storyboard */; };
		DF9CBC2A1A441AA5000C49A8 /* Images.xcassets in Resources */ = {isa = PBXBuildFile; fileRef = DF9CBC291A441AA5000C49A8 /* Images.xcassets */; };
		DF9CBC2D1A441AA5000C49A8 /* LaunchScreen.xib in Resources */ = {isa = PBXBuildFile; fileRef = DF9CBC2B1A441AA5000C49A8 /* LaunchScreen.xib */; };
		DF9CBC391A441AA5000C49A8 /* HealthKitToolTests.m in Sources */ = {isa = PBXBuildFile; fileRef = DF9CBC381A441AA5000C49A8 /* HealthKitToolTests.m */; };
		DF9CBC441A441B5A000C49A8 /* JRHealthKitManager.m in Sources */ = {isa = PBXBuildFile; fileRef = DF9CBC431A441B5A000C49A8 /* JRHealthKitManager.m */; };
		DF9CBC461A4420C2000C49A8 /* HealthKit.framework in Frameworks */ = {isa = PBXBuildFile; fileRef = DF9CBC451A4420C2000C49A8 /* HealthKit.framework */; };
/* End PBXBuildFile section */

/* Begin PBXContainerItemProxy section */
		DF9CBC331A441AA5000C49A8 /* PBXContainerItemProxy */ = {
			isa = PBXContainerItemProxy;
			containerPortal = DF9CBC111A441AA4000C49A8 /* Project object */;
			proxyType = 1;
			remoteGlobalIDString = DF9CBC181A441AA4000C49A8;
			remoteInfo = HealthKitTool;
		};
/* End PBXContainerItemProxy section */

/* Begin PBXFileReference section */
		52DB1E5C8CBA4122F372F869 /* libPods.a */ = {isa = PBXFileReference; explicitFileType = archive.ar; includeInIndex = 0; path = libPods.a; sourceTree = BUILT_PRODUCTS_DIR; };
		96693A9C9678407766655955 /* Pods.debug.xcconfig */ = {isa = PBXFileReference; includeInIndex = 1; lastKnownFileType = text.xcconfig; name = Pods.debug.xcconfig; path = "Pods/Target Support Files/Pods/Pods.debug.xcconfig"; sourceTree = "<group>"; };
		C321045E8EF0BD1CF97418A0 /* Pods.release.xcconfig */ = {isa = PBXFileReference; includeInIndex = 1; lastKnownFileType = text.xcconfig; name = Pods.release.xcconfig; path = "Pods/Target Support Files/Pods/Pods.release.xcconfig"; sourceTree = "<group>"; };
		DF9CBC191A441AA4000C49A8 /* HealthKitTool.app */ = {isa = PBXFileReference; explicitFileType = wrapper.application; includeInIndex = 0; path = HealthKitTool.app; sourceTree = BUILT_PRODUCTS_DIR; };
		DF9CBC1D1A441AA5000C49A8 /* Info.plist */ = {isa = PBXFileReference; lastKnownFileType = text.plist.xml; path = Info.plist; sourceTree = "<group>"; };
		DF9CBC1E1A441AA5000C49A8 /* main.m */ = {isa = PBXFileReference; lastKnownFileType = sourcecode.c.objc; path = main.m; sourceTree = "<group>"; };
		DF9CBC201A441AA5000C49A8 /* AppDelegate.h */ = {isa = PBXFileReference; lastKnownFileType = sourcecode.c.h; path = AppDelegate.h; sourceTree = "<group>"; };
		DF9CBC211A441AA5000C49A8 /* AppDelegate.m */ = {isa = PBXFileReference; lastKnownFileType = sourcecode.c.objc; path = AppDelegate.m; sourceTree = "<group>"; };
		DF9CBC231A441AA5000C49A8 /* ViewController.h */ = {isa = PBXFileReference; lastKnownFileType = sourcecode.c.h; path = ViewController.h; sourceTree = "<group>"; };
		DF9CBC241A441AA5000C49A8 /* ViewController.m */ = {isa = PBXFileReference; lastKnownFileType = sourcecode.c.objc; path = ViewController.m; sourceTree = "<group>"; };
		DF9CBC271A441AA5000C49A8 /* Base */ = {isa = PBXFileReference; lastKnownFileType = file.storyboard; name = Base; path = Base.lproj/Main.storyboard; sourceTree = "<group>"; };
		DF9CBC291A441AA5000C49A8 /* Images.xcassets */ = {isa = PBXFileReference; lastKnownFileType = folder.assetcatalog; path = Images.xcassets; sourceTree = "<group>"; };
		DF9CBC2C1A441AA5000C49A8 /* Base */ = {isa = PBXFileReference; lastKnownFileType = file.xib; name = Base; path = Base.lproj/LaunchScreen.xib; sourceTree = "<group>"; };
		DF9CBC321A441AA5000C49A8 /* HealthKitToolTests.xctest */ = {isa = PBXFileReference; explicitFileType = wrapper.cfbundle; includeInIndex = 0; path = HealthKitToolTests.xctest; sourceTree = BUILT_PRODUCTS_DIR; };
		DF9CBC371A441AA5000C49A8 /* Info.plist */ = {isa = PBXFileReference; lastKnownFileType = text.plist.xml; path = Info.plist; sourceTree = "<group>"; };
		DF9CBC381A441AA5000C49A8 /* HealthKitToolTests.m */ = {isa = PBXFileReference; lastKnownFileType = sourcecode.c.objc; path = HealthKitToolTests.m; sourceTree = "<group>"; };
		DF9CBC421A441B5A000C49A8 /* JRHealthKitManager.h */ = {isa = PBXFileReference; fileEncoding = 4; lastKnownFileType = sourcecode.c.h; path = JRHealthKitManager.h; sourceTree = "<group>"; };
		DF9CBC431A441B5A000C49A8 /* JRHealthKitManager.m */ = {isa = PBXFileReference; fileEncoding = 4; lastKnownFileType = sourcecode.c.objc; path = JRHealthKitManager.m; sourceTree = "<group>"; };
		DF9CBC451A4420C2000C49A8 /* HealthKit.framework */ = {isa = PBXFileReference; lastKnownFileType = wrapper.framework; name = HealthKit.framework; path = System/Library/Frameworks/HealthKit.framework; sourceTree = SDKROOT; };
		DF9CBC471A4420F3000C49A8 /* HealthKitTool.entitlements */ = {isa = PBXFileReference; lastKnownFileType = text.xml; path = HealthKitTool.entitlements; sourceTree = "<group>"; };
/* End PBXFileReference section */

/* Begin PBXFrameworksBuildPhase section */
		DF9CBC161A441AA4000C49A8 /* Frameworks */ = {
			isa = PBXFrameworksBuildPhase;
			buildActionMask = 2147483647;
			files = (
				DF9CBC461A4420C2000C49A8 /* HealthKit.framework in Frameworks */,
				CB728CD1405E47F7D2529038 /* libPods.a in Frameworks */,
			);
			runOnlyForDeploymentPostprocessing = 0;
		};
		DF9CBC2F1A441AA5000C49A8 /* Frameworks */ = {
			isa = PBXFrameworksBuildPhase;
			buildActionMask = 2147483647;
			files = (
			);
			runOnlyForDeploymentPostprocessing = 0;
		};
/* End PBXFrameworksBuildPhase section */

/* Begin PBXGroup section */
		177B02076E6FA53B0DA204AC /* Pods */ = {
			isa = PBXGroup;
			children = (
				96693A9C9678407766655955 /* Pods.debug.xcconfig */,
				C321045E8EF0BD1CF97418A0 /* Pods.release.xcconfig */,
			);
			name = Pods;
			sourceTree = "<group>";
		};
		55105634A9341D1B0256D258 /* Frameworks */ = {
			isa = PBXGroup;
			children = (
				DF9CBC451A4420C2000C49A8 /* HealthKit.framework */,
				52DB1E5C8CBA4122F372F869 /* libPods.a */,
			);
			name = Frameworks;
			sourceTree = "<group>";
		};
		DF9CBC101A441AA4000C49A8 = {
			isa = PBXGroup;
			children = (
				DF9CBC1B1A441AA5000C49A8 /* HealthKitTool */,
				DF9CBC351A441AA5000C49A8 /* HealthKitToolTests */,
				DF9CBC1A1A441AA5000C49A8 /* Products */,
				177B02076E6FA53B0DA204AC /* Pods */,
				55105634A9341D1B0256D258 /* Frameworks */,
			);
			sourceTree = "<group>";
		};
		DF9CBC1A1A441AA5000C49A8 /* Products */ = {
			isa = PBXGroup;
			children = (
				DF9CBC191A441AA4000C49A8 /* HealthKitTool.app */,
				DF9CBC321A441AA5000C49A8 /* HealthKitToolTests.xctest */,
			);
			name = Products;
			sourceTree = "<group>";
		};
		DF9CBC1B1A441AA5000C49A8 /* HealthKitTool */ = {
			isa = PBXGroup;
			children = (
				DF9CBC471A4420F3000C49A8 /* HealthKitTool.entitlements */,
				DF9CBC421A441B5A000C49A8 /* JRHealthKitManager.h */,
				DF9CBC431A441B5A000C49A8 /* JRHealthKitManager.m */,
				DF9CBC201A441AA5000C49A8 /* AppDelegate.h */,
				DF9CBC211A441AA5000C49A8 /* AppDelegate.m */,
				DF9CBC231A441AA5000C49A8 /* ViewController.h */,
				DF9CBC241A441AA5000C49A8 /* ViewController.m */,
				DF9CBC261A441AA5000C49A8 /* Main.storyboard */,
				DF9CBC291A441AA5000C49A8 /* Images.xcassets */,
				DF9CBC2B1A441AA5000C49A8 /* LaunchScreen.xib */,
				DF9CBC1C1A441AA5000C49A8 /* Supporting Files */,
			);
			path = HealthKitTool;
			sourceTree = "<group>";
		};
		DF9CBC1C1A441AA5000C49A8 /* Supporting Files */ = {
			isa = PBXGroup;
			children = (
				DF9CBC1D1A441AA5000C49A8 /* Info.plist */,
				DF9CBC1E1A441AA5000C49A8 /* main.m */,
			);
			name = "Supporting Files";
			sourceTree = "<group>";
		};
		DF9CBC351A441AA5000C49A8 /* HealthKitToolTests */ = {
			isa = PBXGroup;
			children = (
				DF9CBC381A441AA5000C49A8 /* HealthKitToolTests.m */,
				DF9CBC361A441AA5000C49A8 /* Supporting Files */,
			);
			path = HealthKitToolTests;
			sourceTree = "<group>";
		};
		DF9CBC361A441AA5000C49A8 /* Supporting Files */ = {
			isa = PBXGroup;
			children = (
				DF9CBC371A441AA5000C49A8 /* Info.plist */,
			);
			name = "Supporting Files";
			sourceTree = "<group>";
		};
/* End PBXGroup section */

/* Begin PBXNativeTarget section */
		DF9CBC181A441AA4000C49A8 /* HealthKitTool */ = {
			isa = PBXNativeTarget;
			buildConfigurationList = DF9CBC3C1A441AA5000C49A8 /* Build configuration list for PBXNativeTarget "HealthKitTool" */;
			buildPhases = (
				1CF7151297ED751C7331FE1F /* Check Pods Manifest.lock */,
				DF9CBC151A441AA4000C49A8 /* Sources */,
				DF9CBC161A441AA4000C49A8 /* Frameworks */,
				DF9CBC171A441AA4000C49A8 /* Resources */,
				240A3EA4E80ED158829AD72D /* Copy Pods Resources */,
			);
			buildRules = (
			);
			dependencies = (
			);
			name = HealthKitTool;
			productName = HealthKitTool;
			productReference = DF9CBC191A441AA4000C49A8 /* HealthKitTool.app */;
			productType = "com.apple.product-type.application";
		};
		DF9CBC311A441AA5000C49A8 /* HealthKitToolTests */ = {
			isa = PBXNativeTarget;
			buildConfigurationList = DF9CBC3F1A441AA5000C49A8 /* Build configuration list for PBXNativeTarget "HealthKitToolTests" */;
			buildPhases = (
				DF9CBC2E1A441AA5000C49A8 /* Sources */,
				DF9CBC2F1A441AA5000C49A8 /* Frameworks */,
				DF9CBC301A441AA5000C49A8 /* Resources */,
			);
			buildRules = (
			);
			dependencies = (
				DF9CBC341A441AA5000C49A8 /* PBXTargetDependency */,
			);
			name = HealthKitToolTests;
			productName = HealthKitToolTests;
			productReference = DF9CBC321A441AA5000C49A8 /* HealthKitToolTests.xctest */;
			productType = "com.apple.product-type.bundle.unit-test";
		};
/* End PBXNativeTarget section */

/* Begin PBXProject section */
		DF9CBC111A441AA4000C49A8 /* Project object */ = {
			isa = PBXProject;
			attributes = {
				LastUpgradeCheck = 0610;
				ORGANIZATIONNAME = Jaben;
				TargetAttributes = {
					DF9CBC181A441AA4000C49A8 = {
						CreatedOnToolsVersion = 6.1;
						SystemCapabilities = {
							com.apple.HealthKit = {
								enabled = 1;
							};
							com.apple.HomeKit = {
								enabled = 0;
							};
						};
					};
					DF9CBC311A441AA5000C49A8 = {
						CreatedOnToolsVersion = 6.1;
						TestTargetID = DF9CBC181A441AA4000C49A8;
					};
				};
			};
			buildConfigurationList = DF9CBC141A441AA4000C49A8 /* Build configuration list for PBXProject "HealthKitTool" */;
			compatibilityVersion = "Xcode 3.2";
			developmentRegion = English;
			hasScannedForEncodings = 0;
			knownRegions = (
				en,
				Base,
			);
			mainGroup = DF9CBC101A441AA4000C49A8;
			productRefGroup = DF9CBC1A1A441AA5000C49A8 /* Products */;
			projectDirPath = "";
			projectRoot = "";
			targets = (
				DF9CBC181A441AA4000C49A8 /* HealthKitTool */,
				DF9CBC311A441AA5000C49A8 /* HealthKitToolTests */,
			);
		};
/* End PBXProject section */

/* Begin PBXResourcesBuildPhase section */
		DF9CBC171A441AA4000C49A8 /* Resources */ = {
			isa = PBXResourcesBuildPhase;
			buildActionMask = 2147483647;
			files = (
				DF9CBC281A441AA5000C49A8 /* Main.storyboard in Resources */,
				DF9CBC2D1A441AA5000C49A8 /* LaunchScreen.xib in Resources */,
				DF9CBC2A1A441AA5000C49A8 /* Images.xcassets in Resources */,
			);
			runOnlyForDeploymentPostprocessing = 0;
		};
		DF9CBC301A441AA5000C49A8 /* Resources */ = {
			isa = PBXResourcesBuildPhase;
			buildActionMask = 2147483647;
			files = (
			);
			runOnlyForDeploymentPostprocessing = 0;
		};
/* End PBXResourcesBuildPhase section */

/* Begin PBXShellScriptBuildPhase section */
		1CF7151297ED751C7331FE1F /* Check Pods Manifest.lock */ = {
			isa = PBXShellScriptBuildPhase;
			buildActionMask = 2147483647;
			files = (
			);
			inputPaths = (
			);
			name = "Check Pods Manifest.lock";
			outputPaths = (
			);
			runOnlyForDeploymentPostprocessing = 0;
			shellPath = /bin/sh;
			shellScript = "diff \"${PODS_ROOT}/../Podfile.lock\" \"${PODS_ROOT}/Manifest.lock\" > /dev/null\nif [[ $? != 0 ]] ; then\n    cat << EOM\nerror: The sandbox is not in sync with the Podfile.lock. Run 'pod install' or update your CocoaPods installation.\nEOM\n    exit 1\nfi\n";
			showEnvVarsInLog = 0;
		};
		240A3EA4E80ED158829AD72D /* Copy Pods Resources */ = {
			isa = PBXShellScriptBuildPhase;
			buildActionMask = 2147483647;
			files = (
			);
			inputPaths = (
			);
			name = "Copy Pods Resources";
			outputPaths = (
			);
			runOnlyForDeploymentPostprocessing = 0;
			shellPath = /bin/sh;
			shellScript = "\"${SRCROOT}/Pods/Target Support Files/Pods/Pods-resources.sh\"\n";
			showEnvVarsInLog = 0;
		};
/* End PBXShellScriptBuildPhase section */

/* Begin PBXSourcesBuildPhase section */
		DF9CBC151A441AA4000C49A8 /* Sources */ = {
			isa = PBXSourcesBuildPhase;
			buildActionMask = 2147483647;
			files = (
				DF9CBC441A441B5A000C49A8 /* JRHealthKitManager.m in Sources */,
				DF9CBC251A441AA5000C49A8 /* ViewController.m in Sources */,
				DF9CBC221A441AA5000C49A8 /* AppDelegate.m in Sources */,
				DF9CBC1F1A441AA5000C49A8 /* main.m in Sources */,
			);
			runOnlyForDeploymentPostprocessing = 0;
		};
		DF9CBC2E1A441AA5000C49A8 /* Sources */ = {
			isa = PBXSourcesBuildPhase;
			buildActionMask = 2147483647;
			files = (
				DF9CBC391A441AA5000C49A8 /* HealthKitToolTests.m in Sources */,
			);
			runOnlyForDeploymentPostprocessing = 0;
		};
/* End PBXSourcesBuildPhase section */

/* Begin PBXTargetDependency section */
		DF9CBC341A441AA5000C49A8 /* PBXTargetDependency */ = {
			isa = PBXTargetDependency;
			target = DF9CBC181A441AA4000C49A8 /* HealthKitTool */;
			targetProxy = DF9CBC331A441AA5000C49A8 /* PBXContainerItemProxy */;
		};
/* End PBXTargetDependency section */

/* Begin PBXVariantGroup section */
		DF9CBC261A441AA5000C49A8 /* Main.storyboard */ = {
			isa = PBXVariantGroup;
			children = (
				DF9CBC271A441AA5000C49A8 /* Base */,
			);
			name = Main.storyboard;
			sourceTree = "<group>";
		};
		DF9CBC2B1A441AA5000C49A8 /* LaunchScreen.xib */ = {
			isa = PBXVariantGroup;
			children = (
				DF9CBC2C1A441AA5000C49A8 /* Base */,
			);
			name = LaunchScreen.xib;
			sourceTree = "<group>";
		};
/* End PBXVariantGroup section */

/* Begin XCBuildConfiguration section */
		DF9CBC3A1A441AA5000C49A8 /* Debug */ = {
			isa = XCBuildConfiguration;
			buildSettings = {
				ALWAYS_SEARCH_USER_PATHS = NO;
				CLANG_CXX_LANGUAGE_STANDARD = "gnu++0x";
				CLANG_CXX_LIBRARY = "libc++";
				CLANG_ENABLE_MODULES = YES;
				CLANG_ENABLE_OBJC_ARC = YES;
				CLANG_WARN_BOOL_CONVERSION = YES;
				CLANG_WARN_CONSTANT_CONVERSION = YES;
				CLANG_WARN_DIRECT_OBJC_ISA_USAGE = YES_ERROR;
				CLANG_WARN_EMPTY_BODY = YES;
				CLANG_WARN_ENUM_CONVERSION = YES;
				CLANG_WARN_INT_CONVERSION = YES;
				CLANG_WARN_OBJC_ROOT_CLASS = YES_ERROR;
				CLANG_WARN_UNREACHABLE_CODE = YES;
				CLANG_WARN__DUPLICATE_METHOD_MATCH = YES;
				"CODE_SIGN_IDENTITY[sdk=iphoneos*]" = "iPhone Developer";
				COPY_PHASE_STRIP = NO;
				ENABLE_STRICT_OBJC_MSGSEND = YES;
				GCC_C_LANGUAGE_STANDARD = gnu99;
				GCC_DYNAMIC_NO_PIC = NO;
				GCC_OPTIMIZATION_LEVEL = 0;
				GCC_PREPROCESSOR_DEFINITIONS = (
					"DEBUG=1",
					"$(inherited)",
				);
				GCC_SYMBOLS_PRIVATE_EXTERN = NO;
				GCC_WARN_64_TO_32_BIT_CONVERSION = YES;
				GCC_WARN_ABOUT_RETURN_TYPE = YES_ERROR;
				GCC_WARN_UNDECLARED_SELECTOR = YES;
				GCC_WARN_UNINITIALIZED_AUTOS = YES_AGGRESSIVE;
				GCC_WARN_UNUSED_FUNCTION = YES;
				GCC_WARN_UNUSED_VARIABLE = YES;
				IPHONEOS_DEPLOYMENT_TARGET = 8.1;
				MTL_ENABLE_DEBUG_INFO = YES;
				ONLY_ACTIVE_ARCH = YES;
				SDKROOT = iphoneos;
			};
			name = Debug;
		};
		DF9CBC3B1A441AA5000C49A8 /* Release */ = {
			isa = XCBuildConfiguration;
			buildSettings = {
				ALWAYS_SEARCH_USER_PATHS = NO;
				CLANG_CXX_LANGUAGE_STANDARD = "gnu++0x";
				CLANG_CXX_LIBRARY = "libc++";
				CLANG_ENABLE_MODULES = YES;
				CLANG_ENABLE_OBJC_ARC = YES;
				CLANG_WARN_BOOL_CONVERSION = YES;
				CLANG_WARN_CONSTANT_CONVERSION = YES;
				CLANG_WARN_DIRECT_OBJC_ISA_USAGE = YES_ERROR;
				CLANG_WARN_EMPTY_BODY = YES;
				CLANG_WARN_ENUM_CONVERSION = YES;
				CLANG_WARN_INT_CONVERSION = YES;
				CLANG_WARN_OBJC_ROOT_CLASS = YES_ERROR;
				CLANG_WARN_UNREACHABLE_CODE = YES;
				CLANG_WARN__DUPLICATE_METHOD_MATCH = YES;
				"CODE_SIGN_IDENTITY[sdk=iphoneos*]" = "iPhone Developer";
				COPY_PHASE_STRIP = YES;
				ENABLE_NS_ASSERTIONS = NO;
				ENABLE_STRICT_OBJC_MSGSEND = YES;
				GCC_C_LANGUAGE_STANDARD = gnu99;
				GCC_WARN_64_TO_32_BIT_CONVERSION = YES;
				GCC_WARN_ABOUT_RETURN_TYPE = YES_ERROR;
				GCC_WARN_UNDECLARED_SELECTOR = YES;
				GCC_WARN_UNINITIALIZED_AUTOS = YES_AGGRESSIVE;
				GCC_WARN_UNUSED_FUNCTION = YES;
				GCC_WARN_UNUSED_VARIABLE = YES;
				IPHONEOS_DEPLOYMENT_TARGET = 8.1;
				MTL_ENABLE_DEBUG_INFO = NO;
				SDKROOT = iphoneos;
				VALIDATE_PRODUCT = YES;
			};
			name = Release;
		};
		DF9CBC3D1A441AA5000C49A8 /* Debug */ = {
			isa = XCBuildConfiguration;
			baseConfigurationReference = 96693A9C9678407766655955 /* Pods.debug.xcconfig */;
			buildSettings = {
				ASSETCATALOG_COMPILER_APPICON_NAME = AppIcon;
				CODE_SIGN_ENTITLEMENTS = HealthKitTool/HealthKitTool.entitlements;
				CODE_SIGN_IDENTITY = "iPhone Developer";
				INFOPLIST_FILE = HealthKitTool/Info.plist;
				LD_RUNPATH_SEARCH_PATHS = "$(inherited) @executable_path/Frameworks";
				PRODUCT_NAME = "$(TARGET_NAME)";
			};
			name = Debug;
		};
		DF9CBC3E1A441AA5000C49A8 /* Release */ = {
			isa = XCBuildConfiguration;
			baseConfigurationReference = C321045E8EF0BD1CF97418A0 /* Pods.release.xcconfig */;
			buildSettings = {
				ASSETCATALOG_COMPILER_APPICON_NAME = AppIcon;
				CODE_SIGN_ENTITLEMENTS = HealthKitTool/HealthKitTool.entitlements;
				CODE_SIGN_IDENTITY = "iPhone Developer";
				INFOPLIST_FILE = HealthKitTool/Info.plist;
				LD_RUNPATH_SEARCH_PATHS = "$(inherited) @executable_path/Frameworks";
				PRODUCT_NAME = "$(TARGET_NAME)";
			};
			name = Release;
		};
		DF9CBC401A441AA5000C49A8 /* Debug */ = {
			isa = XCBuildConfiguration;
			buildSettings = {
				BUNDLE_LOADER = "$(TEST_HOST)";
				FRAMEWORK_SEARCH_PATHS = (
					"$(SDKROOT)/Developer/Library/Frameworks",
					"$(inherited)",
				);
				GCC_PREPROCESSOR_DEFINITIONS = (
					"DEBUG=1",
					"$(inherited)",
				);
				INFOPLIST_FILE = HealthKitToolTests/Info.plist;
				LD_RUNPATH_SEARCH_PATHS = "$(inherited) @executable_path/Frameworks @loader_path/Frameworks";
				PRODUCT_NAME = "$(TARGET_NAME)";
				TEST_HOST = "$(BUILT_PRODUCTS_DIR)/HealthKitTool.app/HealthKitTool";
			};
			name = Debug;
		};
		DF9CBC411A441AA5000C49A8 /* Release */ = {
			isa = XCBuildConfiguration;
			buildSettings = {
				BUNDLE_LOADER = "$(TEST_HOST)";
				FRAMEWORK_SEARCH_PATHS = (
					"$(SDKROOT)/Developer/Library/Frameworks",
					"$(inherited)",
				);
				INFOPLIST_FILE = HealthKitToolTests/Info.plist;
				LD_RUNPATH_SEARCH_PATHS = "$(inherited) @executable_path/Frameworks @loader_path/Frameworks";
				PRODUCT_NAME = "$(TARGET_NAME)";
				TEST_HOST = "$(BUILT_PRODUCTS_DIR)/HealthKitTool.app/HealthKitTool";
			};
			name = Release;
		};
/* End XCBuildConfiguration section */

/* Begin XCConfigurationList section */
		DF9CBC141A441AA4000C49A8 /* Build configuration list for PBXProject "HealthKitTool" */ = {
			isa = XCConfigurationList;
			buildConfigurations = (
				DF9CBC3A1A441AA5000C49A8 /* Debug */,
				DF9CBC3B1A441AA5000C49A8 /* Release */,
			);
			defaultConfigurationIsVisible = 0;
			defaultConfigurationName = Release;
		};
		DF9CBC3C1A441AA5000C49A8 /* Build configuration list for PBXNativeTarget "HealthKitTool" */ = {
			isa = XCConfigurationList;
			buildConfigurations = (
				DF9CBC3D1A441AA5000C49A8 /* Debug */,
				DF9CBC3E1A441AA5000C49A8 /* Release */,
			);
			defaultConfigurationIsVisible = 0;
			defaultConfigurationName = Release;
		};
		DF9CBC3F1A441AA5000C49A8 /* Build configuration list for PBXNativeTarget "HealthKitToolTests" */ = {
			isa = XCConfigurationList;
			buildConfigurations = (
				DF9CBC401A441AA5000C49A8 /* Debug */,
				DF9CBC411A441AA5000C49A8 /* Release */,
			);
			defaultConfigurationIsVisible = 0;
			defaultConfigurationName = Release;
		};
/* End XCConfigurationList section */
	};
	rootObject = DF9CBC111A441AA4000C49A8 /* Project object */;
}
